
Microsoft Visual Studio Solution File, Format Version 12.00
# Visual Studio 2012
Project("{FAE04EC0-301F-11D3-BF4B-00C04F79EFBC}") = "ChromeCustomTabsSample", "ChromeCustomTabsSample\ChromeCustomTabsSample.csproj", "{59CF662E-2BBD-40EF-B08D-1BF89D713D96}"
EndProject
Project("{FAE04EC0-301F-11D3-BF4B-00C04F79EFBC}") = "CustomTabs", "..\source\CustomTabs.csproj", "{5B33CEC5-C89D-4C5B-8365-17C83CCFAD4C}"
EndProject
Project("{FAE04EC0-301F-11D3-BF4B-00C04F79EFBC}") = "Compat", "..\..\support-compat\source\Compat.csproj", "{CA4194B2-8B2D-4C37-8790-C79C5803357A}"
EndProject
Project("{FAE04EC0-301F-11D3-BF4B-00C04F79EFBC}") = "Annotations", "..\..\support-annotations\source\Annotations.csproj", "{EFC85AD8-90A7-4C98-8CEA-A875213DA5DC}"
EndProject
Global
	GlobalSection(SolutionConfigurationPlatforms) = preSolution
		Debug|Any CPU = Debug|Any CPU
		Release|Any CPU = Release|Any CPU
	EndGlobalSection
	GlobalSection(ProjectConfigurationPlatforms) = postSolution
		{59CF662E-2BBD-40EF-B08D-1BF89D713D96}.Debug|Any CPU.ActiveCfg = Debug|Any CPU
		{59CF662E-2BBD-40EF-B08D-1BF89D713D96}.Debug|Any CPU.Build.0 = Debug|Any CPU
		{59CF662E-2BBD-40EF-B08D-1BF89D713D96}.Release|Any CPU.ActiveCfg = Release|Any CPU
		{59CF662E-2BBD-40EF-B08D-1BF89D713D96}.Release|Any CPU.Build.0 = Release|Any CPU
		{5B33CEC5-C89D-4C5B-8365-17C83CCFAD4C}.Debug|Any CPU.ActiveCfg = Debug|Any CPU
		{5B33CEC5-C89D-4C5B-8365-17C83CCFAD4C}.Debug|Any CPU.Build.0 = Debug|Any CPU
		{5B33CEC5-C89D-4C5B-8365-17C83CCFAD4C}.Release|Any CPU.ActiveCfg = Release|Any CPU
		{5B33CEC5-C89D-4C5B-8365-17C83CCFAD4C}.Release|Any CPU.Build.0 = Release|Any CPU
		{CA4194B2-8B2D-4C37-8790-C79C5803357A}.Debug|Any CPU.ActiveCfg = Debug|Any CPU
		{CA4194B2-8B2D-4C37-8790-C79C5803357A}.Debug|Any CPU.Build.0 = Debug|Any CPU
		{CA4194B2-8B2D-4C37-8790-C79C5803357A}.Release|Any CPU.ActiveCfg = Release|Any CPU
		{CA4194B2-8B2D-4C37-8790-C79C5803357A}.Release|Any CPU.Build.0 = Release|Any CPU
		{EFC85AD8-90A7-4C98-8CEA-A875213DA5DC}.Debug|Any CPU.ActiveCfg = Debug|Any CPU
		{EFC85AD8-90A7-4C98-8CEA-A875213DA5DC}.Debug|Any CPU.Build.0 = Debug|Any CPU
		{EFC85AD8-90A7-4C98-8CEA-A875213DA5DC}.Release|Any CPU.ActiveCfg = Release|Any CPU
		{EFC85AD8-90A7-4C98-8CEA-A875213DA5DC}.Release|Any CPU.Build.0 = Release|Any CPU
	EndGlobalSection
EndGlobal
