
Microsoft Visual Studio Solution File, Format Version 12.00
# Visual Studio 2012
Project("{FAE04EC0-301F-11D3-BF4B-00C04F79EFBC}") = "V13", "support-v13\source\V13.csproj", "{69351B41-DA07-42F6-9083-0080EBC6407D}"
EndProject
Project("{FAE04EC0-301F-11D3-BF4B-00C04F79EFBC}") = "V7-CardView", "cardview-v7\source\V7-CardView.csproj", "{E9848EF1-14E6-4144-95A0-926A52F301B5}"
EndProject
Project("{FAE04EC0-301F-11D3-BF4B-00C04F79EFBC}") = "V7-GridLayout", "gridlayout-v7\source\V7-GridLayout.csproj", "{D33F5F79-994B-4C34-BCC3-2B30CB630F1B}"
EndProject
Project("{FAE04EC0-301F-11D3-BF4B-00C04F79EFBC}") = "V7-RecyclerView", "recyclerview-v7\source\V7-RecyclerView.csproj", "{514ED7A8-0F25-4F61-B7B3-A4A652FD7192}"
EndProject
Project("{FAE04EC0-301F-11D3-BF4B-00C04F79EFBC}") = "V7-Palette", "palette-v7\source\V7-Palette.csproj", "{D9C9670F-8B06-4083-9EEF-42E4D1DE22C1}"
EndProject
Project("{FAE04EC0-301F-11D3-BF4B-00C04F79EFBC}") = "V7-Preference", "preference-v7\source\V7-Preference.csproj", "{A419C738-BD3D-4460-97E9-B8E44FC26896}"
EndProject
Project("{FAE04EC0-301F-11D3-BF4B-00C04F79EFBC}") = "V7-AppCompat", "appcompat-v7\source\V7-AppCompat.csproj", "{B4ED245B-BBD8-4549-9990-476A36AAD381}"
EndProject
Project("{FAE04EC0-301F-11D3-BF4B-00C04F79EFBC}") = "V8-RenderScript", "renderscript-v8\source\V8-RenderScript.csproj", "{732E9891-9FEE-4493-8C1C-C06F12C5248B}"
EndProject
Project("{FAE04EC0-301F-11D3-BF4B-00C04F79EFBC}") = "V14-Preference", "preference-v14\source\V14-Preference.csproj", "{E2ACB402-B348-4CD9-9686-9F029DCB3277}"
EndProject
Project("{FAE04EC0-301F-11D3-BF4B-00C04F79EFBC}") = "V7-MediaRouter", "mediarouter-v7\source\V7-MediaRouter.csproj", "{9E11B536-73E2-4BC6-9921-92889CF089CB}"
EndProject
Project("{FAE04EC0-301F-11D3-BF4B-00C04F79EFBC}") = "V17-Leanback", "leanback-v17\source\V17-Leanback.csproj", "{DA26C0C2-286A-4B41-9DF7-84D7E5D00C68}"
EndProject
Project("{FAE04EC0-301F-11D3-BF4B-00C04F79EFBC}") = "V17-Preference-Leanback", "preference-leanback-v17\source\V17-Preference-Leanback.csproj", "{6948B25E-4A71-4F31-B042-D21B0B99ADA1}"
EndProject
Project("{FAE04EC0-301F-11D3-BF4B-00C04F79EFBC}") = "CustomTabs", "customtabs\source\CustomTabs.csproj", "{5B33CEC5-C89D-4C5B-8365-17C83CCFAD4C}"
EndProject
Project("{FAE04EC0-301F-11D3-BF4B-00C04F79EFBC}") = "Design", "design\source\Design.csproj", "{8022A1F5-C228-4B21-8194-BC9E76F9174A}"
EndProject
Project("{FAE04EC0-301F-11D3-BF4B-00C04F79EFBC}") = "Percent", "percent\source\Percent.csproj", "{A557F298-10FD-4F47-8C96-20387E2AA741}"
EndProject
Project("{FAE04EC0-301F-11D3-BF4B-00C04F79EFBC}") = "Recommendation", "recommendation\source\Recommendation.csproj", "{257D3C55-FADE-4C65-9967-7DCDE23F83A8}"
EndProject
Project("{FAE04EC0-301F-11D3-BF4B-00C04F79EFBC}") = "Animated-Vector-Drawable", "animated-vector-drawable\source\Animated-Vector-Drawable.csproj", "{75CB848E-6EE8-4DAF-8AD4-1782641F69D3}"
EndProject
Project("{FAE04EC0-301F-11D3-BF4B-00C04F79EFBC}") = "Vector-Drawable", "support-vector-drawable\source\Vector-Drawable.csproj", "{418B64BA-2BAC-4B92-8888-CAFEAAF7E860}"
EndProject
Project("{FAE04EC0-301F-11D3-BF4B-00C04F79EFBC}") = "Vector-Drawable-BuildTasks", "support-vector-drawable\buildtask\Vector-Drawable-BuildTasks.csproj", "{DB19F806-FEF2-4BBB-8A0B-37EA54DB3A0D}"
EndProject
Project("{FAE04EC0-301F-11D3-BF4B-00C04F79EFBC}") = "Core-UI", "support-core-ui\source\Core-UI.csproj", "{071EAE48-7BCE-4D68-8098-745B923A122F}"
EndProject
Project("{FAE04EC0-301F-11D3-BF4B-00C04F79EFBC}") = "Compat", "support-compat\source\Compat.csproj", "{CA4194B2-8B2D-4C37-8790-C79C5803357A}"
EndProject
Project("{FAE04EC0-301F-11D3-BF4B-00C04F79EFBC}") = "Fragment", "support-fragment\source\Fragment.csproj", "{2DE9FDA4-3F63-49E2-BD45-5C072A0350D8}"
EndProject
Project("{FAE04EC0-301F-11D3-BF4B-00C04F79EFBC}") = "Media-Compat", "support-media-compat\source\Media-Compat.csproj", "{BD8BB4A9-5ACD-47FB-923C-0DC858E1A42D}"
EndProject
Project("{FAE04EC0-301F-11D3-BF4B-00C04F79EFBC}") = "Transition", "transition\source\Transition.csproj", "{BF8F6617-A16E-43B8-9985-3D1066D1A081}"
EndProject
Project("{FAE04EC0-301F-11D3-BF4B-00C04F79EFBC}") = "Exif", "exifinterface\source\Exif.csproj", "{EBD7CBA0-E16C-460D-908C-89D453DDC556}"
EndProject
Project("{FAE04EC0-301F-11D3-BF4B-00C04F79EFBC}") = "Annotations", "support-annotations\source\Annotations.csproj", "{EFC85AD8-90A7-4C98-8CEA-A875213DA5DC}"
EndProject
Project("{FAE04EC0-301F-11D3-BF4B-00C04F79EFBC}") = "DynamicAnimation", "support-dynamic-animation\source\DynamicAnimation.csproj", "{157F6FC3-90D1-40D5-91D0-A2552034B41A}"
EndProject
Project("{FAE04EC0-301F-11D3-BF4B-00C04F79EFBC}") = "TV-Provider", "support-tv-provider\source\TV-Provider.csproj", "{0F4287F5-1E32-4E81-88B1-6E37F54BC6A2}"
EndProject
Project("{FAE04EC0-301F-11D3-BF4B-00C04F79EFBC}") = "Emoji-Bundled", "support-emoji-bundled\source\Emoji-Bundled.csproj", "{44CC369D-0196-4C80-88D1-C2016998263F}"
EndProject
Project("{FAE04EC0-301F-11D3-BF4B-00C04F79EFBC}") = "Emoji-AppCompat", "support-emoji-appcompat\source\Emoji-AppCompat.csproj", "{6824FF5C-9F50-4DE2-BF34-0314071FF83C}"
EndProject
Project("{FAE04EC0-301F-11D3-BF4B-00C04F79EFBC}") = "Emoji", "support-emoji\source\Emoji.csproj", "{B0FA3251-5C9E-4E2E-AB4B-9B53F320C8A6}"
EndProject
Project("{FAE04EC0-301F-11D3-BF4B-00C04F79EFBC}") = "Wear", "wear\source\Wear.csproj", "{F5E0D83F-81A8-40A9-9EFF-7605213AC743}"
EndProject
Project("{2150E333-8FDC-42A3-9474-1A3956D46DE8}") = "Architecture", "Architecture", "{3AC04D8E-9E4C-401F-AED5-239F226BF9C2}"
EndProject
Project("{FAE04EC0-301F-11D3-BF4B-00C04F79EFBC}") = "Arch.Core.Common", "arch-core\common\source\Arch.Core.Common.csproj", "{4C9E1C1E-09C3-469C-B3C2-79651DF13870}"
EndProject
Project("{FAE04EC0-301F-11D3-BF4B-00C04F79EFBC}") = "Arch.Lifecycle.Common", "arch-lifecycle\common\source\Arch.Lifecycle.Common.csproj", "{1489A4D8-8D13-4113-BD73-3025CDE3E3A0}"
EndProject
Project("{FAE04EC0-301F-11D3-BF4B-00C04F79EFBC}") = "Arch.Lifecycle.Runtime", "arch-lifecycle\runtime\source\Arch.Lifecycle.Runtime.csproj", "{25CE44A9-FA51-4468-952F-21A13F066384}"
EndProject
Project("{FAE04EC0-301F-11D3-BF4B-00C04F79EFBC}") = "Core-Utils", "support-core-utils\source\Core-Utils.csproj", "{BEABEB36-8FFE-4CD9-B6E6-D67686C8BB98}"
EndProject
Project("{FAE04EC0-301F-11D3-BF4B-00C04F79EFBC}") = "Arch.Core.Runtime", "arch-core\runtime\source\Arch.Core.Runtime.csproj", "{4C9E1C1E-09C3-469C-B3C2-79651DF13871}"
EndProject
Global
	GlobalSection(SolutionConfigurationPlatforms) = preSolution
		Debug|Any CPU = Debug|Any CPU
		Release|Any CPU = Release|Any CPU
	EndGlobalSection
	GlobalSection(ProjectConfigurationPlatforms) = postSolution
		{257D3C55-FADE-4C65-9967-7DCDE23F83A8}.Debug|Any CPU.ActiveCfg = Debug|Any CPU
		{257D3C55-FADE-4C65-9967-7DCDE23F83A8}.Debug|Any CPU.Build.0 = Debug|Any CPU
		{257D3C55-FADE-4C65-9967-7DCDE23F83A8}.Release|Any CPU.ActiveCfg = Release|Any CPU
		{257D3C55-FADE-4C65-9967-7DCDE23F83A8}.Release|Any CPU.Build.0 = Release|Any CPU
		{418B64BA-2BAC-4B92-8888-CAFEAAF7E860}.Debug|Any CPU.ActiveCfg = Debug|Any CPU
		{418B64BA-2BAC-4B92-8888-CAFEAAF7E860}.Debug|Any CPU.Build.0 = Debug|Any CPU
		{418B64BA-2BAC-4B92-8888-CAFEAAF7E860}.Release|Any CPU.ActiveCfg = Release|Any CPU
		{418B64BA-2BAC-4B92-8888-CAFEAAF7E860}.Release|Any CPU.Build.0 = Release|Any CPU
		{514ED7A8-0F25-4F61-B7B3-A4A652FD7192}.Debug|Any CPU.ActiveCfg = Debug|Any CPU
		{514ED7A8-0F25-4F61-B7B3-A4A652FD7192}.Debug|Any CPU.Build.0 = Debug|Any CPU
		{514ED7A8-0F25-4F61-B7B3-A4A652FD7192}.Release|Any CPU.ActiveCfg = Release|Any CPU
		{514ED7A8-0F25-4F61-B7B3-A4A652FD7192}.Release|Any CPU.Build.0 = Release|Any CPU
		{5B33CEC5-C89D-4C5B-8365-17C83CCFAD4C}.Debug|Any CPU.ActiveCfg = Debug|Any CPU
		{5B33CEC5-C89D-4C5B-8365-17C83CCFAD4C}.Debug|Any CPU.Build.0 = Debug|Any CPU
		{5B33CEC5-C89D-4C5B-8365-17C83CCFAD4C}.Release|Any CPU.ActiveCfg = Release|Any CPU
		{5B33CEC5-C89D-4C5B-8365-17C83CCFAD4C}.Release|Any CPU.Build.0 = Release|Any CPU
		{69351B41-DA07-42F6-9083-0080EBC6407D}.Debug|Any CPU.ActiveCfg = Debug|Any CPU
		{69351B41-DA07-42F6-9083-0080EBC6407D}.Debug|Any CPU.Build.0 = Debug|Any CPU
		{69351B41-DA07-42F6-9083-0080EBC6407D}.Release|Any CPU.ActiveCfg = Release|Any CPU
		{69351B41-DA07-42F6-9083-0080EBC6407D}.Release|Any CPU.Build.0 = Release|Any CPU
		{6948B25E-4A71-4F31-B042-D21B0B99ADA1}.Debug|Any CPU.ActiveCfg = Debug|Any CPU
		{6948B25E-4A71-4F31-B042-D21B0B99ADA1}.Debug|Any CPU.Build.0 = Debug|Any CPU
		{6948B25E-4A71-4F31-B042-D21B0B99ADA1}.Release|Any CPU.ActiveCfg = Release|Any CPU
		{6948B25E-4A71-4F31-B042-D21B0B99ADA1}.Release|Any CPU.Build.0 = Release|Any CPU
		{732E9891-9FEE-4493-8C1C-C06F12C5248B}.Debug|Any CPU.ActiveCfg = Debug|Any CPU
		{732E9891-9FEE-4493-8C1C-C06F12C5248B}.Debug|Any CPU.Build.0 = Debug|Any CPU
		{732E9891-9FEE-4493-8C1C-C06F12C5248B}.Release|Any CPU.ActiveCfg = Release|Any CPU
		{732E9891-9FEE-4493-8C1C-C06F12C5248B}.Release|Any CPU.Build.0 = Release|Any CPU
		{75CB848E-6EE8-4DAF-8AD4-1782641F69D3}.Debug|Any CPU.ActiveCfg = Debug|Any CPU
		{75CB848E-6EE8-4DAF-8AD4-1782641F69D3}.Debug|Any CPU.Build.0 = Debug|Any CPU
		{75CB848E-6EE8-4DAF-8AD4-1782641F69D3}.Release|Any CPU.ActiveCfg = Release|Any CPU
		{75CB848E-6EE8-4DAF-8AD4-1782641F69D3}.Release|Any CPU.Build.0 = Release|Any CPU
		{8022A1F5-C228-4B21-8194-BC9E76F9174A}.Debug|Any CPU.ActiveCfg = Debug|Any CPU
		{8022A1F5-C228-4B21-8194-BC9E76F9174A}.Debug|Any CPU.Build.0 = Debug|Any CPU
		{8022A1F5-C228-4B21-8194-BC9E76F9174A}.Release|Any CPU.ActiveCfg = Release|Any CPU
		{8022A1F5-C228-4B21-8194-BC9E76F9174A}.Release|Any CPU.Build.0 = Release|Any CPU
		{9E11B536-73E2-4BC6-9921-92889CF089CB}.Debug|Any CPU.ActiveCfg = Debug|Any CPU
		{9E11B536-73E2-4BC6-9921-92889CF089CB}.Debug|Any CPU.Build.0 = Debug|Any CPU
		{9E11B536-73E2-4BC6-9921-92889CF089CB}.Release|Any CPU.ActiveCfg = Release|Any CPU
		{9E11B536-73E2-4BC6-9921-92889CF089CB}.Release|Any CPU.Build.0 = Release|Any CPU
		{A419C738-BD3D-4460-97E9-B8E44FC26896}.Debug|Any CPU.ActiveCfg = Debug|Any CPU
		{A419C738-BD3D-4460-97E9-B8E44FC26896}.Debug|Any CPU.Build.0 = Debug|Any CPU
		{A419C738-BD3D-4460-97E9-B8E44FC26896}.Release|Any CPU.ActiveCfg = Release|Any CPU
		{A419C738-BD3D-4460-97E9-B8E44FC26896}.Release|Any CPU.Build.0 = Release|Any CPU
		{A557F298-10FD-4F47-8C96-20387E2AA741}.Debug|Any CPU.ActiveCfg = Debug|Any CPU
		{A557F298-10FD-4F47-8C96-20387E2AA741}.Debug|Any CPU.Build.0 = Debug|Any CPU
		{A557F298-10FD-4F47-8C96-20387E2AA741}.Release|Any CPU.ActiveCfg = Release|Any CPU
		{A557F298-10FD-4F47-8C96-20387E2AA741}.Release|Any CPU.Build.0 = Release|Any CPU
		{B4ED245B-BBD8-4549-9990-476A36AAD381}.Debug|Any CPU.ActiveCfg = Debug|Any CPU
		{B4ED245B-BBD8-4549-9990-476A36AAD381}.Debug|Any CPU.Build.0 = Debug|Any CPU
		{B4ED245B-BBD8-4549-9990-476A36AAD381}.Release|Any CPU.ActiveCfg = Release|Any CPU
		{B4ED245B-BBD8-4549-9990-476A36AAD381}.Release|Any CPU.Build.0 = Release|Any CPU
		{D33F5F79-994B-4C34-BCC3-2B30CB630F1B}.Debug|Any CPU.ActiveCfg = Debug|Any CPU
		{D33F5F79-994B-4C34-BCC3-2B30CB630F1B}.Debug|Any CPU.Build.0 = Debug|Any CPU
		{D33F5F79-994B-4C34-BCC3-2B30CB630F1B}.Release|Any CPU.ActiveCfg = Release|Any CPU
		{D33F5F79-994B-4C34-BCC3-2B30CB630F1B}.Release|Any CPU.Build.0 = Release|Any CPU
		{D9C9670F-8B06-4083-9EEF-42E4D1DE22C1}.Debug|Any CPU.ActiveCfg = Debug|Any CPU
		{D9C9670F-8B06-4083-9EEF-42E4D1DE22C1}.Debug|Any CPU.Build.0 = Debug|Any CPU
		{D9C9670F-8B06-4083-9EEF-42E4D1DE22C1}.Release|Any CPU.ActiveCfg = Release|Any CPU
		{D9C9670F-8B06-4083-9EEF-42E4D1DE22C1}.Release|Any CPU.Build.0 = Release|Any CPU
		{DA26C0C2-286A-4B41-9DF7-84D7E5D00C68}.Debug|Any CPU.ActiveCfg = Debug|Any CPU
		{DA26C0C2-286A-4B41-9DF7-84D7E5D00C68}.Debug|Any CPU.Build.0 = Debug|Any CPU
		{DA26C0C2-286A-4B41-9DF7-84D7E5D00C68}.Release|Any CPU.ActiveCfg = Release|Any CPU
		{DA26C0C2-286A-4B41-9DF7-84D7E5D00C68}.Release|Any CPU.Build.0 = Release|Any CPU
		{DB19F806-FEF2-4BBB-8A0B-37EA54DB3A0D}.Debug|Any CPU.ActiveCfg = Debug|Any CPU
		{DB19F806-FEF2-4BBB-8A0B-37EA54DB3A0D}.Debug|Any CPU.Build.0 = Debug|Any CPU
		{DB19F806-FEF2-4BBB-8A0B-37EA54DB3A0D}.Release|Any CPU.ActiveCfg = Release|Any CPU
		{DB19F806-FEF2-4BBB-8A0B-37EA54DB3A0D}.Release|Any CPU.Build.0 = Release|Any CPU
		{E2ACB402-B348-4CD9-9686-9F029DCB3277}.Debug|Any CPU.ActiveCfg = Debug|Any CPU
		{E2ACB402-B348-4CD9-9686-9F029DCB3277}.Debug|Any CPU.Build.0 = Debug|Any CPU
		{E2ACB402-B348-4CD9-9686-9F029DCB3277}.Release|Any CPU.ActiveCfg = Release|Any CPU
		{E2ACB402-B348-4CD9-9686-9F029DCB3277}.Release|Any CPU.Build.0 = Release|Any CPU
		{E9848EF1-14E6-4144-95A0-926A52F301B5}.Debug|Any CPU.ActiveCfg = Debug|Any CPU
		{E9848EF1-14E6-4144-95A0-926A52F301B5}.Debug|Any CPU.Build.0 = Debug|Any CPU
		{E9848EF1-14E6-4144-95A0-926A52F301B5}.Release|Any CPU.ActiveCfg = Release|Any CPU
		{E9848EF1-14E6-4144-95A0-926A52F301B5}.Release|Any CPU.Build.0 = Release|Any CPU
		{071EAE48-7BCE-4D68-8098-745B923A122F}.Debug|Any CPU.ActiveCfg = Debug|Any CPU
		{071EAE48-7BCE-4D68-8098-745B923A122F}.Debug|Any CPU.Build.0 = Debug|Any CPU
		{071EAE48-7BCE-4D68-8098-745B923A122F}.Release|Any CPU.ActiveCfg = Release|Any CPU
		{071EAE48-7BCE-4D68-8098-745B923A122F}.Release|Any CPU.Build.0 = Release|Any CPU
		{CA4194B2-8B2D-4C37-8790-C79C5803357A}.Debug|Any CPU.ActiveCfg = Debug|Any CPU
		{CA4194B2-8B2D-4C37-8790-C79C5803357A}.Debug|Any CPU.Build.0 = Debug|Any CPU
		{CA4194B2-8B2D-4C37-8790-C79C5803357A}.Release|Any CPU.ActiveCfg = Release|Any CPU
		{CA4194B2-8B2D-4C37-8790-C79C5803357A}.Release|Any CPU.Build.0 = Release|Any CPU
		{2DE9FDA4-3F63-49E2-BD45-5C072A0350D8}.Debug|Any CPU.ActiveCfg = Debug|Any CPU
		{2DE9FDA4-3F63-49E2-BD45-5C072A0350D8}.Debug|Any CPU.Build.0 = Debug|Any CPU
		{2DE9FDA4-3F63-49E2-BD45-5C072A0350D8}.Release|Any CPU.ActiveCfg = Release|Any CPU
		{2DE9FDA4-3F63-49E2-BD45-5C072A0350D8}.Release|Any CPU.Build.0 = Release|Any CPU
		{BD8BB4A9-5ACD-47FB-923C-0DC858E1A42D}.Debug|Any CPU.ActiveCfg = Debug|Any CPU
		{BD8BB4A9-5ACD-47FB-923C-0DC858E1A42D}.Debug|Any CPU.Build.0 = Debug|Any CPU
		{BD8BB4A9-5ACD-47FB-923C-0DC858E1A42D}.Release|Any CPU.ActiveCfg = Release|Any CPU
		{BD8BB4A9-5ACD-47FB-923C-0DC858E1A42D}.Release|Any CPU.Build.0 = Release|Any CPU
		{BF8F6617-A16E-43B8-9985-3D1066D1A081}.Debug|Any CPU.ActiveCfg = Debug|Any CPU
		{BF8F6617-A16E-43B8-9985-3D1066D1A081}.Debug|Any CPU.Build.0 = Debug|Any CPU
		{BF8F6617-A16E-43B8-9985-3D1066D1A081}.Release|Any CPU.ActiveCfg = Release|Any CPU
		{BF8F6617-A16E-43B8-9985-3D1066D1A081}.Release|Any CPU.Build.0 = Release|Any CPU
		{EBD7CBA0-E16C-460D-908C-89D453DDC556}.Debug|Any CPU.ActiveCfg = Debug|Any CPU
		{EBD7CBA0-E16C-460D-908C-89D453DDC556}.Debug|Any CPU.Build.0 = Debug|Any CPU
		{EBD7CBA0-E16C-460D-908C-89D453DDC556}.Release|Any CPU.ActiveCfg = Release|Any CPU
		{EBD7CBA0-E16C-460D-908C-89D453DDC556}.Release|Any CPU.Build.0 = Release|Any CPU
		{EFC85AD8-90A7-4C98-8CEA-A875213DA5DC}.Debug|Any CPU.ActiveCfg = Debug|Any CPU
		{EFC85AD8-90A7-4C98-8CEA-A875213DA5DC}.Debug|Any CPU.Build.0 = Debug|Any CPU
		{EFC85AD8-90A7-4C98-8CEA-A875213DA5DC}.Release|Any CPU.ActiveCfg = Release|Any CPU
		{EFC85AD8-90A7-4C98-8CEA-A875213DA5DC}.Release|Any CPU.Build.0 = Release|Any CPU
		{157F6FC3-90D1-40D5-91D0-A2552034B41A}.Debug|Any CPU.ActiveCfg = Debug|Any CPU
		{157F6FC3-90D1-40D5-91D0-A2552034B41A}.Debug|Any CPU.Build.0 = Debug|Any CPU
		{157F6FC3-90D1-40D5-91D0-A2552034B41A}.Release|Any CPU.ActiveCfg = Release|Any CPU
		{157F6FC3-90D1-40D5-91D0-A2552034B41A}.Release|Any CPU.Build.0 = Release|Any CPU
		{0F4287F5-1E32-4E81-88B1-6E37F54BC6A2}.Debug|Any CPU.ActiveCfg = Debug|Any CPU
		{0F4287F5-1E32-4E81-88B1-6E37F54BC6A2}.Debug|Any CPU.Build.0 = Debug|Any CPU
		{0F4287F5-1E32-4E81-88B1-6E37F54BC6A2}.Release|Any CPU.ActiveCfg = Release|Any CPU
		{0F4287F5-1E32-4E81-88B1-6E37F54BC6A2}.Release|Any CPU.Build.0 = Release|Any CPU
		{44CC369D-0196-4C80-88D1-C2016998263F}.Debug|Any CPU.ActiveCfg = Debug|Any CPU
		{44CC369D-0196-4C80-88D1-C2016998263F}.Debug|Any CPU.Build.0 = Debug|Any CPU
		{44CC369D-0196-4C80-88D1-C2016998263F}.Release|Any CPU.ActiveCfg = Release|Any CPU
		{44CC369D-0196-4C80-88D1-C2016998263F}.Release|Any CPU.Build.0 = Release|Any CPU
		{6824FF5C-9F50-4DE2-BF34-0314071FF83C}.Debug|Any CPU.ActiveCfg = Debug|Any CPU
		{6824FF5C-9F50-4DE2-BF34-0314071FF83C}.Debug|Any CPU.Build.0 = Debug|Any CPU
		{6824FF5C-9F50-4DE2-BF34-0314071FF83C}.Release|Any CPU.ActiveCfg = Release|Any CPU
		{6824FF5C-9F50-4DE2-BF34-0314071FF83C}.Release|Any CPU.Build.0 = Release|Any CPU
		{B0FA3251-5C9E-4E2E-AB4B-9B53F320C8A6}.Debug|Any CPU.ActiveCfg = Debug|Any CPU
		{B0FA3251-5C9E-4E2E-AB4B-9B53F320C8A6}.Debug|Any CPU.Build.0 = Debug|Any CPU
		{B0FA3251-5C9E-4E2E-AB4B-9B53F320C8A6}.Release|Any CPU.ActiveCfg = Release|Any CPU
		{B0FA3251-5C9E-4E2E-AB4B-9B53F320C8A6}.Release|Any CPU.Build.0 = Release|Any CPU
		{F5E0D83F-81A8-40A9-9EFF-7605213AC743}.Debug|Any CPU.ActiveCfg = Debug|Any CPU
		{F5E0D83F-81A8-40A9-9EFF-7605213AC743}.Debug|Any CPU.Build.0 = Debug|Any CPU
		{F5E0D83F-81A8-40A9-9EFF-7605213AC743}.Release|Any CPU.ActiveCfg = Release|Any CPU
		{F5E0D83F-81A8-40A9-9EFF-7605213AC743}.Release|Any CPU.Build.0 = Release|Any CPU
		{4C9E1C1E-09C3-469C-B3C2-79651DF13870}.Debug|Any CPU.ActiveCfg = Debug|Any CPU
		{4C9E1C1E-09C3-469C-B3C2-79651DF13870}.Debug|Any CPU.Build.0 = Debug|Any CPU
		{4C9E1C1E-09C3-469C-B3C2-79651DF13870}.Release|Any CPU.ActiveCfg = Release|Any CPU
		{4C9E1C1E-09C3-469C-B3C2-79651DF13870}.Release|Any CPU.Build.0 = Release|Any CPU
		{1489A4D8-8D13-4113-BD73-3025CDE3E3A0}.Debug|Any CPU.ActiveCfg = Debug|Any CPU
		{1489A4D8-8D13-4113-BD73-3025CDE3E3A0}.Debug|Any CPU.Build.0 = Debug|Any CPU
		{1489A4D8-8D13-4113-BD73-3025CDE3E3A0}.Release|Any CPU.ActiveCfg = Release|Any CPU
		{1489A4D8-8D13-4113-BD73-3025CDE3E3A0}.Release|Any CPU.Build.0 = Release|Any CPU
		{25CE44A9-FA51-4468-952F-21A13F066384}.Debug|Any CPU.ActiveCfg = Debug|Any CPU
		{25CE44A9-FA51-4468-952F-21A13F066384}.Debug|Any CPU.Build.0 = Debug|Any CPU
		{25CE44A9-FA51-4468-952F-21A13F066384}.Release|Any CPU.ActiveCfg = Release|Any CPU
		{25CE44A9-FA51-4468-952F-21A13F066384}.Release|Any CPU.Build.0 = Release|Any CPU
		{BEABEB36-8FFE-4CD9-B6E6-D67686C8BB98}.Debug|Any CPU.ActiveCfg = Debug|Any CPU
		{BEABEB36-8FFE-4CD9-B6E6-D67686C8BB98}.Debug|Any CPU.Build.0 = Debug|Any CPU
		{BEABEB36-8FFE-4CD9-B6E6-D67686C8BB98}.Release|Any CPU.ActiveCfg = Release|Any CPU
		{BEABEB36-8FFE-4CD9-B6E6-D67686C8BB98}.Release|Any CPU.Build.0 = Release|Any CPU
		{4C9E1C1E-09C3-469C-B3C2-79651DF13871}.Debug|Any CPU.ActiveCfg = Debug|Any CPU
		{4C9E1C1E-09C3-469C-B3C2-79651DF13871}.Debug|Any CPU.Build.0 = Debug|Any CPU
		{4C9E1C1E-09C3-469C-B3C2-79651DF13871}.Release|Any CPU.ActiveCfg = Release|Any CPU
		{4C9E1C1E-09C3-469C-B3C2-79651DF13871}.Release|Any CPU.Build.0 = Release|Any CPU
	EndGlobalSection
	GlobalSection(NestedProjects) = preSolution
		{4C9E1C1E-09C3-469C-B3C2-79651DF13870} = {3AC04D8E-9E4C-401F-AED5-239F226BF9C2}
		{1489A4D8-8D13-4113-BD73-3025CDE3E3A0} = {3AC04D8E-9E4C-401F-AED5-239F226BF9C2}
		{25CE44A9-FA51-4468-952F-21A13F066384} = {3AC04D8E-9E4C-401F-AED5-239F226BF9C2}
		{4C9E1C1E-09C3-469C-B3C2-79651DF13871} = {3AC04D8E-9E4C-401F-AED5-239F226BF9C2}
	EndGlobalSection
EndGlobal
