
Microsoft Visual Studio Solution File, Format Version 11.00
# Visual Studio 2010
Project("{FAE04EC0-301F-11D3-BF4B-00C04F79EFBC}") = "AndroidSupportSample", "AndroidSupportSample\AndroidSupportSample.csproj", "{1CE0AC3A-C749-427B-8010-9729948D378E}"
EndProject
Project("{FAE04EC0-301F-11D3-BF4B-00C04F79EFBC}") = "AndroidSupportSample.UITests", "AndroidSupportSample.UITests\AndroidSupportSample.UITests.csproj", "{9B415BF2-4B1B-4C30-8A1B-67B02EE80CAA}"
EndProject
Project("{FAE04EC0-301F-11D3-BF4B-00C04F79EFBC}") = "V4", "..\..\v4\source\V4.csproj", "{BCE98C50-BDB6-49C4-AFB4-78EB1357A3F2}"
EndProject
Project("{FAE04EC0-301F-11D3-BF4B-00C04F79EFBC}") = "Percent", "..\source\Percent.csproj", "{A557F298-10FD-4F47-8C96-20387E2AA741}"
EndProject
Global
	GlobalSection(SolutionConfigurationPlatforms) = preSolution
		Debug|Any CPU = Debug|Any CPU
		Release|Any CPU = Release|Any CPU
	EndGlobalSection
	GlobalSection(ProjectConfigurationPlatforms) = postSolution
		{1CE0AC3A-C749-427B-8010-9729948D378E}.Debug|Any CPU.ActiveCfg = Debug|Any CPU
		{1CE0AC3A-C749-427B-8010-9729948D378E}.Debug|Any CPU.Build.0 = Debug|Any CPU
		{1CE0AC3A-C749-427B-8010-9729948D378E}.Release|Any CPU.ActiveCfg = Release|Any CPU
		{1CE0AC3A-C749-427B-8010-9729948D378E}.Release|Any CPU.Build.0 = Release|Any CPU
		{9B415BF2-4B1B-4C30-8A1B-67B02EE80CAA}.Debug|Any CPU.ActiveCfg = Debug|Any CPU
		{9B415BF2-4B1B-4C30-8A1B-67B02EE80CAA}.Debug|Any CPU.Build.0 = Debug|Any CPU
		{9B415BF2-4B1B-4C30-8A1B-67B02EE80CAA}.Release|Any CPU.ActiveCfg = Release|Any CPU
		{9B415BF2-4B1B-4C30-8A1B-67B02EE80CAA}.Release|Any CPU.Build.0 = Release|Any CPU
		{A557F298-10FD-4F47-8C96-20387E2AA741}.Debug|Any CPU.ActiveCfg = Debug|Any CPU
		{A557F298-10FD-4F47-8C96-20387E2AA741}.Debug|Any CPU.Build.0 = Debug|Any CPU
		{A557F298-10FD-4F47-8C96-20387E2AA741}.Release|Any CPU.ActiveCfg = Release|Any CPU
		{A557F298-10FD-4F47-8C96-20387E2AA741}.Release|Any CPU.Build.0 = Release|Any CPU
		{BCE98C50-BDB6-49C4-AFB4-78EB1357A3F2}.Debug|Any CPU.ActiveCfg = Debug|Any CPU
		{BCE98C50-BDB6-49C4-AFB4-78EB1357A3F2}.Debug|Any CPU.Build.0 = Debug|Any CPU
		{BCE98C50-BDB6-49C4-AFB4-78EB1357A3F2}.Release|Any CPU.ActiveCfg = Release|Any CPU
		{BCE98C50-BDB6-49C4-AFB4-78EB1357A3F2}.Release|Any CPU.Build.0 = Release|Any CPU
	EndGlobalSection
EndGlobal
