
Microsoft Visual Studio Solution File, Format Version 11.00
# Visual Studio 2010
Project("{FAE04EC0-301F-11D3-BF4B-00C04F79EFBC}") = "AndroidSupportSample", "AndroidSupportSample\AndroidSupportSample.csproj", "{11785684-F253-44CC-A3E7-F8CA2CC3D8F7}"
EndProject
Project("{FAE04EC0-301F-11D3-BF4B-00C04F79EFBC}") = "AndroidSupportSample.UITests", "AndroidSupportSample.UITests\AndroidSupportSample.UITests.csproj", "{9A0B8B8E-D1E4-4F86-8495-4FE3FAAA4C84}"
EndProject
Project("{FAE04EC0-301F-11D3-BF4B-00C04F79EFBC}") = "Recommendation", "..\source\Recommendation.csproj", "{257D3C55-FADE-4C65-9967-7DCDE23F83A8}"
EndProject
Project("{FAE04EC0-301F-11D3-BF4B-00C04F79EFBC}") = "Annotations", "..\..\support-annotations\source\Annotations.csproj", "{EFC85AD8-90A7-4C98-8CEA-A875213DA5DC}"
EndProject
Global
	GlobalSection(SolutionConfigurationPlatforms) = preSolution
		Debug|Any CPU = Debug|Any CPU
		Release|Any CPU = Release|Any CPU
	EndGlobalSection
	GlobalSection(ProjectConfigurationPlatforms) = postSolution
		{11785684-F253-44CC-A3E7-F8CA2CC3D8F7}.Debug|Any CPU.ActiveCfg = Debug|Any CPU
		{11785684-F253-44CC-A3E7-F8CA2CC3D8F7}.Debug|Any CPU.Build.0 = Debug|Any CPU
		{11785684-F253-44CC-A3E7-F8CA2CC3D8F7}.Release|Any CPU.ActiveCfg = Release|Any CPU
		{11785684-F253-44CC-A3E7-F8CA2CC3D8F7}.Release|Any CPU.Build.0 = Release|Any CPU
		{257D3C55-FADE-4C65-9967-7DCDE23F83A8}.Debug|Any CPU.ActiveCfg = Debug|Any CPU
		{257D3C55-FADE-4C65-9967-7DCDE23F83A8}.Debug|Any CPU.Build.0 = Debug|Any CPU
		{257D3C55-FADE-4C65-9967-7DCDE23F83A8}.Release|Any CPU.ActiveCfg = Release|Any CPU
		{257D3C55-FADE-4C65-9967-7DCDE23F83A8}.Release|Any CPU.Build.0 = Release|Any CPU
		{9A0B8B8E-D1E4-4F86-8495-4FE3FAAA4C84}.Debug|Any CPU.ActiveCfg = Debug|Any CPU
		{9A0B8B8E-D1E4-4F86-8495-4FE3FAAA4C84}.Debug|Any CPU.Build.0 = Debug|Any CPU
		{9A0B8B8E-D1E4-4F86-8495-4FE3FAAA4C84}.Release|Any CPU.ActiveCfg = Release|Any CPU
		{9A0B8B8E-D1E4-4F86-8495-4FE3FAAA4C84}.Release|Any CPU.Build.0 = Release|Any CPU
		{EFC85AD8-90A7-4C98-8CEA-A875213DA5DC}.Debug|Any CPU.ActiveCfg = Debug|Any CPU
		{EFC85AD8-90A7-4C98-8CEA-A875213DA5DC}.Debug|Any CPU.Build.0 = Debug|Any CPU
		{EFC85AD8-90A7-4C98-8CEA-A875213DA5DC}.Release|Any CPU.ActiveCfg = Release|Any CPU
		{EFC85AD8-90A7-4C98-8CEA-A875213DA5DC}.Release|Any CPU.Build.0 = Release|Any CPU
	EndGlobalSection
EndGlobal
