
Microsoft Visual Studio Solution File, Format Version 12.00
# Visual Studio 2012
Project("{FAE04EC0-301F-11D3-BF4B-00C04F79EFBC}") = "VectorDrawableSample", "VectorDrawableSample\VectorDrawableSample.csproj", "{05B87270-652B-438E-BCFF-AC65BC4C892F}"
EndProject
Project("{FAE04EC0-301F-11D3-BF4B-00C04F79EFBC}") = "Vector-Drawable", "..\source\Vector-Drawable.csproj", "{418B64BA-2BAC-4B92-8888-CAFEAAF7E860}"
EndProject
Project("{FAE04EC0-301F-11D3-BF4B-00C04F79EFBC}") = "Animated-Vector-Drawable", "..\..\animated-vector-drawable\source\Animated-Vector-Drawable.csproj", "{75CB848E-6EE8-4DAF-8AD4-1782641F69D3}"
EndProject
Project("{FAE04EC0-301F-11D3-BF4B-00C04F79EFBC}") = "Compat", "..\..\support-compat\source\Compat.csproj", "{CA4194B2-8B2D-4C37-8790-C79C5803357A}"
EndProject
Project("{FAE04EC0-301F-11D3-BF4B-00C04F79EFBC}") = "Core-UI", "..\..\support-core-ui\source\Core-UI.csproj", "{071EAE48-7BCE-4D68-8098-745B923A122F}"
EndProject
Project("{FAE04EC0-301F-11D3-BF4B-00C04F79EFBC}") = "Core-Utils", "..\..\support-core-utils\source\Core-Utils.csproj", "{BEABEB36-8FFE-4CD9-B6E6-D67686C8BB98}"
EndProject
Project("{FAE04EC0-301F-11D3-BF4B-00C04F79EFBC}") = "Fragment", "..\..\support-fragment\source\Fragment.csproj", "{2DE9FDA4-3F63-49E2-BD45-5C072A0350D8}"
EndProject
Project("{FAE04EC0-301F-11D3-BF4B-00C04F79EFBC}") = "Media-Compat", "..\..\support-media-compat\source\Media-Compat.csproj", "{BD8BB4A9-5ACD-47FB-923C-0DC858E1A42D}"
EndProject
Project("{FAE04EC0-301F-11D3-BF4B-00C04F79EFBC}") = "V7-AppCompat", "..\..\appcompat-v7\source\V7-AppCompat.csproj", "{B4ED245B-BBD8-4549-9990-476A36AAD381}"
EndProject
Project("{FAE04EC0-301F-11D3-BF4B-00C04F79EFBC}") = "Annotations", "..\..\support-annotations\source\Annotations.csproj", "{EFC85AD8-90A7-4C98-8CEA-A875213DA5DC}"
EndProject
Global
	GlobalSection(SolutionConfigurationPlatforms) = preSolution
		Debug|Any CPU = Debug|Any CPU
		Release|Any CPU = Release|Any CPU
	EndGlobalSection
	GlobalSection(ProjectConfigurationPlatforms) = postSolution
		{05B87270-652B-438E-BCFF-AC65BC4C892F}.Debug|Any CPU.ActiveCfg = Debug|Any CPU
		{05B87270-652B-438E-BCFF-AC65BC4C892F}.Debug|Any CPU.Build.0 = Debug|Any CPU
		{05B87270-652B-438E-BCFF-AC65BC4C892F}.Release|Any CPU.ActiveCfg = Release|Any CPU
		{05B87270-652B-438E-BCFF-AC65BC4C892F}.Release|Any CPU.Build.0 = Release|Any CPU
		{418B64BA-2BAC-4B92-8888-CAFEAAF7E860}.Debug|Any CPU.ActiveCfg = Debug|Any CPU
		{418B64BA-2BAC-4B92-8888-CAFEAAF7E860}.Debug|Any CPU.Build.0 = Debug|Any CPU
		{418B64BA-2BAC-4B92-8888-CAFEAAF7E860}.Release|Any CPU.ActiveCfg = Release|Any CPU
		{418B64BA-2BAC-4B92-8888-CAFEAAF7E860}.Release|Any CPU.Build.0 = Release|Any CPU
		{75CB848E-6EE8-4DAF-8AD4-1782641F69D3}.Debug|Any CPU.ActiveCfg = Debug|Any CPU
		{75CB848E-6EE8-4DAF-8AD4-1782641F69D3}.Debug|Any CPU.Build.0 = Debug|Any CPU
		{75CB848E-6EE8-4DAF-8AD4-1782641F69D3}.Release|Any CPU.ActiveCfg = Release|Any CPU
		{75CB848E-6EE8-4DAF-8AD4-1782641F69D3}.Release|Any CPU.Build.0 = Release|Any CPU
		{CA4194B2-8B2D-4C37-8790-C79C5803357A}.Debug|Any CPU.ActiveCfg = Debug|Any CPU
		{CA4194B2-8B2D-4C37-8790-C79C5803357A}.Debug|Any CPU.Build.0 = Debug|Any CPU
		{CA4194B2-8B2D-4C37-8790-C79C5803357A}.Release|Any CPU.ActiveCfg = Release|Any CPU
		{CA4194B2-8B2D-4C37-8790-C79C5803357A}.Release|Any CPU.Build.0 = Release|Any CPU
		{071EAE48-7BCE-4D68-8098-745B923A122F}.Debug|Any CPU.ActiveCfg = Debug|Any CPU
		{071EAE48-7BCE-4D68-8098-745B923A122F}.Debug|Any CPU.Build.0 = Debug|Any CPU
		{071EAE48-7BCE-4D68-8098-745B923A122F}.Release|Any CPU.ActiveCfg = Release|Any CPU
		{071EAE48-7BCE-4D68-8098-745B923A122F}.Release|Any CPU.Build.0 = Release|Any CPU
		{BEABEB36-8FFE-4CD9-B6E6-D67686C8BB98}.Debug|Any CPU.ActiveCfg = Debug|Any CPU
		{BEABEB36-8FFE-4CD9-B6E6-D67686C8BB98}.Debug|Any CPU.Build.0 = Debug|Any CPU
		{BEABEB36-8FFE-4CD9-B6E6-D67686C8BB98}.Release|Any CPU.ActiveCfg = Release|Any CPU
		{BEABEB36-8FFE-4CD9-B6E6-D67686C8BB98}.Release|Any CPU.Build.0 = Release|Any CPU
		{2DE9FDA4-3F63-49E2-BD45-5C072A0350D8}.Debug|Any CPU.ActiveCfg = Debug|Any CPU
		{2DE9FDA4-3F63-49E2-BD45-5C072A0350D8}.Debug|Any CPU.Build.0 = Debug|Any CPU
		{2DE9FDA4-3F63-49E2-BD45-5C072A0350D8}.Release|Any CPU.ActiveCfg = Release|Any CPU
		{2DE9FDA4-3F63-49E2-BD45-5C072A0350D8}.Release|Any CPU.Build.0 = Release|Any CPU
		{BD8BB4A9-5ACD-47FB-923C-0DC858E1A42D}.Debug|Any CPU.ActiveCfg = Debug|Any CPU
		{BD8BB4A9-5ACD-47FB-923C-0DC858E1A42D}.Debug|Any CPU.Build.0 = Debug|Any CPU
		{BD8BB4A9-5ACD-47FB-923C-0DC858E1A42D}.Release|Any CPU.ActiveCfg = Release|Any CPU
		{BD8BB4A9-5ACD-47FB-923C-0DC858E1A42D}.Release|Any CPU.Build.0 = Release|Any CPU
		{B4ED245B-BBD8-4549-9990-476A36AAD381}.Debug|Any CPU.ActiveCfg = Debug|Any CPU
		{B4ED245B-BBD8-4549-9990-476A36AAD381}.Debug|Any CPU.Build.0 = Debug|Any CPU
		{B4ED245B-BBD8-4549-9990-476A36AAD381}.Release|Any CPU.ActiveCfg = Release|Any CPU
		{B4ED245B-BBD8-4549-9990-476A36AAD381}.Release|Any CPU.Build.0 = Release|Any CPU
		{EFC85AD8-90A7-4C98-8CEA-A875213DA5DC}.Debug|Any CPU.ActiveCfg = Debug|Any CPU
		{EFC85AD8-90A7-4C98-8CEA-A875213DA5DC}.Debug|Any CPU.Build.0 = Debug|Any CPU
		{EFC85AD8-90A7-4C98-8CEA-A875213DA5DC}.Release|Any CPU.ActiveCfg = Release|Any CPU
		{EFC85AD8-90A7-4C98-8CEA-A875213DA5DC}.Release|Any CPU.Build.0 = Release|Any CPU
	EndGlobalSection
EndGlobal
